
Microsoft Visual Studio Solution File, Format Version 12.00
# Visual Studio 14
VisualStudioVersion = 14.0.24720.0
MinimumVisualStudioVersion = 10.0.40219.1
Project("{FAE04EC0-301F-11D3-BF4B-00C04F79EFBC}") = "BenWindow", "Window\BenWindow.csproj", "{6B0B2504-5962-4A37-8715-7176C7B2F00E}"
EndProject
Project("{2150E333-8FDC-42A3-9474-1A3956D46DE8}") = "Solution Items", "Solution Items", "{D9736043-8117-46C7-9CA1-5B7D6CE6D7E4}"
	ProjectSection(SolutionItems) = preProject
		Window\HotKeyMain.cs = Window\HotKeyMain.cs
		Window\HotKeyManager.cs = Window\HotKeyManager.cs
	EndProjectSection
EndProject
Global
	GlobalSection(SolutionConfigurationPlatforms) = preSolution
		Debug|Any CPU = Debug|Any CPU
		Release|Any CPU = Release|Any CPU
	EndGlobalSection
	GlobalSection(ProjectConfigurationPlatforms) = postSolution
		{6B0B2504-5962-4A37-8715-7176C7B2F00E}.Debug|Any CPU.ActiveCfg = Debug|Any CPU
		{6B0B2504-5962-4A37-8715-7176C7B2F00E}.Debug|Any CPU.Build.0 = Debug|Any CPU
		{6B0B2504-5962-4A37-8715-7176C7B2F00E}.Release|Any CPU.ActiveCfg = Release|Any CPU
		{6B0B2504-5962-4A37-8715-7176C7B2F00E}.Release|Any CPU.Build.0 = Release|Any CPU
	EndGlobalSection
	GlobalSection(SolutionProperties) = preSolution
		HideSolutionNode = FALSE
	EndGlobalSection
EndGlobal
